
Microsoft Visual Studio Solution File, Format Version 12.00
# Visual Studio Version 17
VisualStudioVersion = 17.2.32505.173
MinimumVisualStudioVersion = 10.0.40219.1
Project("{FAE04EC0-301F-11D3-BF4B-00C04F79EFBC}") = "I2bCsharp", "I2bCsharp\I2bCsharp.csproj", "{C3B1796D-46FD-403C-8D35-471E3A3DF4A1}"
EndProject
Global
	GlobalSection(SolutionConfigurationPlatforms) = preSolution
		Debug|Any CPU = Debug|Any CPU
		Release|Any CPU = Release|Any CPU
	EndGlobalSection
	GlobalSection(ProjectConfigurationPlatforms) = postSolution
		{C3B1796D-46FD-403C-8D35-471E3A3DF4A1}.Debug|Any CPU.ActiveCfg = Debug|Any CPU
		{C3B1796D-46FD-403C-8D35-471E3A3DF4A1}.Debug|Any CPU.Build.0 = Debug|Any CPU
		{C3B1796D-46FD-403C-8D35-471E3A3DF4A1}.Release|Any CPU.ActiveCfg = Release|Any CPU
		{C3B1796D-46FD-403C-8D35-471E3A3DF4A1}.Release|Any CPU.Build.0 = Release|Any CPU
	EndGlobalSection
	GlobalSection(SolutionProperties) = preSolution
		HideSolutionNode = FALSE
	EndGlobalSection
	GlobalSection(ExtensibilityGlobals) = postSolution
		SolutionGuid = {7EAC7DAE-3A81-476E-A748-E1FDE35D9620}
	EndGlobalSection
EndGlobal
